// !$*UTF8*$!
{
	archiveVersion = 1;
	classes = {
	};
	objectVersion = 56;
	objects = {

/* Begin PBXBuildFile section */
		3E5019372BBFCEC4003BB357 /* DatePickerControl.swift in Sources */ = {isa = PBXBuildFile; fileRef = 3E5019362BBFCEC4003BB357 /* DatePickerControl.swift */; };
		3E5019392BBFD035003BB357 /* FormControl.swift in Sources */ = {isa = PBXBuildFile; fileRef = 3E5019382BBFD035003BB357 /* FormControl.swift */; };
		3E50193B2BBFD151003BB357 /* SwiftUIState.swift in Sources */ = {isa = PBXBuildFile; fileRef = 3E50193A2BBFD151003BB357 /* SwiftUIState.swift */; };
		3E50193D2BBFD5BC003BB357 /* SwiftUIAlertControl.swift in Sources */ = {isa = PBXBuildFile; fileRef = 3E50193C2BBFD5BC003BB357 /* SwiftUIAlertControl.swift */; };
		3E50193F2BBFD733003BB357 /* SegmentedControlView.swift in Sources */ = {isa = PBXBuildFile; fileRef = 3E50193E2BBFD733003BB357 /* SegmentedControlView.swift */; };
		3E5019412BBFD9B0003BB357 /* SwiftUILink.swift in Sources */ = {isa = PBXBuildFile; fileRef = 3E5019402BBFD9B0003BB357 /* SwiftUILink.swift */; };
		3E5019442BBFDC34003BB357 /* WebView.swift in Sources */ = {isa = PBXBuildFile; fileRef = 3E5019432BBFDC34003BB357 /* WebView.swift */; };
		3E5019462BBFE2F8003BB357 /* .gitignore in Resources */ = {isa = PBXBuildFile; fileRef = 3E5019452BBFE2F8003BB357 /* .gitignore */; };
		3EE2A6112BBF99F800DC40F3 /* LearnTheBasicApp.swift in Sources */ = {isa = PBXBuildFile; fileRef = 3EE2A6102BBF99F800DC40F3 /* LearnTheBasicApp.swift */; };
		3EE2A6132BBF99F800DC40F3 /* ContentView.swift in Sources */ = {isa = PBXBuildFile; fileRef = 3EE2A6122BBF99F800DC40F3 /* ContentView.swift */; };
		3EE2A6152BBF99FA00DC40F3 /* Assets.xcassets in Resources */ = {isa = PBXBuildFile; fileRef = 3EE2A6142BBF99FA00DC40F3 /* Assets.xcassets */; };
		3EE2A6182BBF99FA00DC40F3 /* Preview Assets.xcassets in Resources */ = {isa = PBXBuildFile; fileRef = 3EE2A6172BBF99FA00DC40F3 /* Preview Assets.xcassets */; };
		3EE2A6222BBFA60500DC40F3 /* ContainerStack.swift in Sources */ = {isa = PBXBuildFile; fileRef = 3EE2A6212BBFA60500DC40F3 /* ContainerStack.swift */; };
		3EE2A6242BBFAA0A00DC40F3 /* ButtonControl.swift in Sources */ = {isa = PBXBuildFile; fileRef = 3EE2A6232BBFAA0A00DC40F3 /* ButtonControl.swift */; };
		3EE2A6262BBFAFFE00DC40F3 /* ColorPickerControlView.swift in Sources */ = {isa = PBXBuildFile; fileRef = 3EE2A6252BBFAFFE00DC40F3 /* ColorPickerControlView.swift */; };
/* End PBXBuildFile section */

/* Begin PBXFileReference section */
		3E5019362BBFCEC4003BB357 /* DatePickerControl.swift */ = {isa = PBXFileReference; lastKnownFileType = sourcecode.swift; path = DatePickerControl.swift; sourceTree = "<group>"; };
		3E5019382BBFD035003BB357 /* FormControl.swift */ = {isa = PBXFileReference; lastKnownFileType = sourcecode.swift; path = FormControl.swift; sourceTree = "<group>"; };
		3E50193A2BBFD151003BB357 /* SwiftUIState.swift */ = {isa = PBXFileReference; lastKnownFileType = sourcecode.swift; path = SwiftUIState.swift; sourceTree = "<group>"; };
		3E50193C2BBFD5BC003BB357 /* SwiftUIAlertControl.swift */ = {isa = PBXFileReference; lastKnownFileType = sourcecode.swift; path = SwiftUIAlertControl.swift; sourceTree = "<group>"; };
		3E50193E2BBFD733003BB357 /* SegmentedControlView.swift */ = {isa = PBXFileReference; lastKnownFileType = sourcecode.swift; path = SegmentedControlView.swift; sourceTree = "<group>"; };
		3E5019402BBFD9B0003BB357 /* SwiftUILink.swift */ = {isa = PBXFileReference; lastKnownFileType = sourcecode.swift; path = SwiftUILink.swift; sourceTree = "<group>"; };
		3E5019432BBFDC34003BB357 /* WebView.swift */ = {isa = PBXFileReference; lastKnownFileType = sourcecode.swift; path = WebView.swift; sourceTree = "<group>"; };
		3E5019452BBFE2F8003BB357 /* .gitignore */ = {isa = PBXFileReference; lastKnownFileType = text; path = .gitignore; sourceTree = "<group>"; };
		3EE2A60D2BBF99F800DC40F3 /* LearnTheBasic.app */ = {isa = PBXFileReference; explicitFileType = wrapper.application; includeInIndex = 0; path = LearnTheBasic.app; sourceTree = BUILT_PRODUCTS_DIR; };
		3EE2A6102BBF99F800DC40F3 /* LearnTheBasicApp.swift */ = {isa = PBXFileReference; lastKnownFileType = sourcecode.swift; path = LearnTheBasicApp.swift; sourceTree = "<group>"; };
		3EE2A6122BBF99F800DC40F3 /* ContentView.swift */ = {isa = PBXFileReference; lastKnownFileType = sourcecode.swift; path = ContentView.swift; sourceTree = "<group>"; };
		3EE2A6142BBF99FA00DC40F3 /* Assets.xcassets */ = {isa = PBXFileReference; lastKnownFileType = folder.assetcatalog; path = Assets.xcassets; sourceTree = "<group>"; };
		3EE2A6172BBF99FA00DC40F3 /* Preview Assets.xcassets */ = {isa = PBXFileReference; lastKnownFileType = folder.assetcatalog; path = "Preview Assets.xcassets"; sourceTree = "<group>"; };
		3EE2A6212BBFA60500DC40F3 /* ContainerStack.swift */ = {isa = PBXFileReference; lastKnownFileType = sourcecode.swift; path = ContainerStack.swift; sourceTree = "<group>"; };
		3EE2A6232BBFAA0A00DC40F3 /* ButtonControl.swift */ = {isa = PBXFileReference; lastKnownFileType = sourcecode.swift; path = ButtonControl.swift; sourceTree = "<group>"; };
		3EE2A6252BBFAFFE00DC40F3 /* ColorPickerControlView.swift */ = {isa = PBXFileReference; lastKnownFileType = sourcecode.swift; path = ColorPickerControlView.swift; sourceTree = "<group>"; };
/* End PBXFileReference section */

/* Begin PBXFrameworksBuildPhase section */
		3EE2A60A2BBF99F800DC40F3 /* Frameworks */ = {
			isa = PBXFrameworksBuildPhase;
			buildActionMask = 2147483647;
			files = (
			);
			runOnlyForDeploymentPostprocessing = 0;
		};
/* End PBXFrameworksBuildPhase section */

/* Begin PBXGroup section */
		3E5019422BBFDC18003BB357 /* Helper */ = {
			isa = PBXGroup;
			children = (
				3E5019432BBFDC34003BB357 /* WebView.swift */,
			);
			path = Helper;
			sourceTree = "<group>";
		};
		3EE2A6042BBF99F800DC40F3 = {
			isa = PBXGroup;
			children = (
				3E5019452BBFE2F8003BB357 /* .gitignore */,
				3EE2A60F2BBF99F800DC40F3 /* LearnTheBasic */,
				3EE2A60E2BBF99F800DC40F3 /* Products */,
			);
			sourceTree = "<group>";
		};
		3EE2A60E2BBF99F800DC40F3 /* Products */ = {
			isa = PBXGroup;
			children = (
				3EE2A60D2BBF99F800DC40F3 /* LearnTheBasic.app */,
			);
			name = Products;
			sourceTree = "<group>";
		};
		3EE2A60F2BBF99F800DC40F3 /* LearnTheBasic */ = {
			isa = PBXGroup;
			children = (
				3E5019422BBFDC18003BB357 /* Helper */,
				3EE2A61E2BBFA57200DC40F3 /* App */,
				3EE2A61F2BBFA58B00DC40F3 /* View */,
				3EE2A6202BBFA59B00DC40F3 /* Resources */,
				3EE2A6162BBF99FA00DC40F3 /* Preview Content */,
			);
			path = LearnTheBasic;
			sourceTree = "<group>";
		};
		3EE2A6162BBF99FA00DC40F3 /* Preview Content */ = {
			isa = PBXGroup;
			children = (
				3EE2A6172BBF99FA00DC40F3 /* Preview Assets.xcassets */,
			);
			path = "Preview Content";
			sourceTree = "<group>";
		};
		3EE2A61E2BBFA57200DC40F3 /* App */ = {
			isa = PBXGroup;
			children = (
				3EE2A6102BBF99F800DC40F3 /* LearnTheBasicApp.swift */,
			);
			path = App;
			sourceTree = "<group>";
		};
		3EE2A61F2BBFA58B00DC40F3 /* View */ = {
			isa = PBXGroup;
			children = (
				3EE2A6122BBF99F800DC40F3 /* ContentView.swift */,
				3EE2A6212BBFA60500DC40F3 /* ContainerStack.swift */,
				3EE2A6232BBFAA0A00DC40F3 /* ButtonControl.swift */,
				3EE2A6252BBFAFFE00DC40F3 /* ColorPickerControlView.swift */,
				3E5019362BBFCEC4003BB357 /* DatePickerControl.swift */,
				3E5019382BBFD035003BB357 /* FormControl.swift */,
				3E50193A2BBFD151003BB357 /* SwiftUIState.swift */,
				3E50193C2BBFD5BC003BB357 /* SwiftUIAlertControl.swift */,
				3E50193E2BBFD733003BB357 /* SegmentedControlView.swift */,
				3E5019402BBFD9B0003BB357 /* SwiftUILink.swift */,
			);
			path = View;
			sourceTree = "<group>";
		};
		3EE2A6202BBFA59B00DC40F3 /* Resources */ = {
			isa = PBXGroup;
			children = (
				3EE2A6142BBF99FA00DC40F3 /* Assets.xcassets */,
			);
			path = Resources;
			sourceTree = "<group>";
		};
/* End PBXGroup section */

/* Begin PBXNativeTarget section */
		3EE2A60C2BBF99F800DC40F3 /* LearnTheBasic */ = {
			isa = PBXNativeTarget;
			buildConfigurationList = 3EE2A61B2BBF99FA00DC40F3 /* Build configuration list for PBXNativeTarget "LearnTheBasic" */;
			buildPhases = (
				3EE2A6092BBF99F800DC40F3 /* Sources */,
				3EE2A60A2BBF99F800DC40F3 /* Frameworks */,
				3EE2A60B2BBF99F800DC40F3 /* Resources */,
			);
			buildRules = (
			);
			dependencies = (
			);
			name = LearnTheBasic;
			productName = LearnTheBasic;
			productReference = 3EE2A60D2BBF99F800DC40F3 /* LearnTheBasic.app */;
			productType = "com.apple.product-type.application";
		};
/* End PBXNativeTarget section */

/* Begin PBXProject section */
		3EE2A6052BBF99F800DC40F3 /* Project object */ = {
			isa = PBXProject;
			attributes = {
				BuildIndependentTargetsInParallel = 1;
				LastSwiftUpdateCheck = 1530;
				LastUpgradeCheck = 1530;
				TargetAttributes = {
					3EE2A60C2BBF99F800DC40F3 = {
						CreatedOnToolsVersion = 15.3;
					};
				};
			};
			buildConfigurationList = 3EE2A6082BBF99F800DC40F3 /* Build configuration list for PBXProject "LearnTheBasic" */;
			compatibilityVersion = "Xcode 14.0";
			developmentRegion = en;
			hasScannedForEncodings = 0;
			knownRegions = (
				en,
				Base,
			);
			mainGroup = 3EE2A6042BBF99F800DC40F3;
			productRefGroup = 3EE2A60E2BBF99F800DC40F3 /* Products */;
			projectDirPath = "";
			projectRoot = "";
			targets = (
				3EE2A60C2BBF99F800DC40F3 /* LearnTheBasic */,
			);
		};
/* End PBXProject section */

/* Begin PBXResourcesBuildPhase section */
		3EE2A60B2BBF99F800DC40F3 /* Resources */ = {
			isa = PBXResourcesBuildPhase;
			buildActionMask = 2147483647;
			files = (
				3EE2A6182BBF99FA00DC40F3 /* Preview Assets.xcassets in Resources */,
				3E5019462BBFE2F8003BB357 /* .gitignore in Resources */,
				3EE2A6152BBF99FA00DC40F3 /* Assets.xcassets in Resources */,
			);
			runOnlyForDeploymentPostprocessing = 0;
		};
/* End PBXResourcesBuildPhase section */

/* Begin PBXSourcesBuildPhase section */
		3EE2A6092BBF99F800DC40F3 /* Sources */ = {
			isa = PBXSourcesBuildPhase;
			buildActionMask = 2147483647;
			files = (
				3E50193D2BBFD5BC003BB357 /* SwiftUIAlertControl.swift in Sources */,
				3EE2A6262BBFAFFE00DC40F3 /* ColorPickerControlView.swift in Sources */,
				3E50193B2BBFD151003BB357 /* SwiftUIState.swift in Sources */,
				3EE2A6132BBF99F800DC40F3 /* ContentView.swift in Sources */,
				3E5019412BBFD9B0003BB357 /* SwiftUILink.swift in Sources */,
				3EE2A6112BBF99F800DC40F3 /* LearnTheBasicApp.swift in Sources */,
				3E50193F2BBFD733003BB357 /* SegmentedControlView.swift in Sources */,
				3E5019392BBFD035003BB357 /* FormControl.swift in Sources */,
				3EE2A6222BBFA60500DC40F3 /* ContainerStack.swift in Sources */,
				3E5019442BBFDC34003BB357 /* WebView.swift in Sources */,
				3EE2A6242BBFAA0A00DC40F3 /* ButtonControl.swift in Sources */,
				3E5019372BBFCEC4003BB357 /* DatePickerControl.swift in Sources */,
			);
			runOnlyForDeploymentPostprocessing = 0;
		};
/* End PBXSourcesBuildPhase section */

/* Begin XCBuildConfiguration section */
		3EE2A6192BBF99FA00DC40F3 /* Debug */ = {
			isa = XCBuildConfiguration;
			buildSettings = {
				ALWAYS_SEARCH_USER_PATHS = NO;
				ASSETCATALOG_COMPILER_GENERATE_SWIFT_ASSET_SYMBOL_EXTENSIONS = YES;
				CLANG_ANALYZER_NONNULL = YES;
				CLANG_ANALYZER_NUMBER_OBJECT_CONVERSION = YES_AGGRESSIVE;
				CLANG_CXX_LANGUAGE_STANDARD = "gnu++20";
				CLANG_ENABLE_MODULES = YES;
				CLANG_ENABLE_OBJC_ARC = YES;
				CLANG_ENABLE_OBJC_WEAK = YES;
				CLANG_WARN_BLOCK_CAPTURE_AUTORELEASING = YES;
				CLANG_WARN_BOOL_CONVERSION = YES;
				CLANG_WARN_COMMA = YES;
				CLANG_WARN_CONSTANT_CONVERSION = YES;
				CLANG_WARN_DEPRECATED_OBJC_IMPLEMENTATIONS = YES;
				CLANG_WARN_DIRECT_OBJC_ISA_USAGE = YES_ERROR;
				CLANG_WARN_DOCUMENTATION_COMMENTS = YES;
				CLANG_WARN_EMPTY_BODY = YES;
				CLANG_WARN_ENUM_CONVERSION = YES;
				CLANG_WARN_INFINITE_RECURSION = YES;
				CLANG_WARN_INT_CONVERSION = YES;
				CLANG_WARN_NON_LITERAL_NULL_CONVERSION = YES;
				CLANG_WARN_OBJC_IMPLICIT_RETAIN_SELF = YES;
				CLANG_WARN_OBJC_LITERAL_CONVERSION = YES;
				CLANG_WARN_OBJC_ROOT_CLASS = YES_ERROR;
				CLANG_WARN_QUOTED_INCLUDE_IN_FRAMEWORK_HEADER = YES;
				CLANG_WARN_RANGE_LOOP_ANALYSIS = YES;
				CLANG_WARN_STRICT_PROTOTYPES = YES;
				CLANG_WARN_SUSPICIOUS_MOVE = YES;
				CLANG_WARN_UNGUARDED_AVAILABILITY = YES_AGGRESSIVE;
				CLANG_WARN_UNREACHABLE_CODE = YES;
				CLANG_WARN__DUPLICATE_METHOD_MATCH = YES;
				COPY_PHASE_STRIP = NO;
				DEBUG_INFORMATION_FORMAT = dwarf;
				ENABLE_STRICT_OBJC_MSGSEND = YES;
				ENABLE_TESTABILITY = YES;
				ENABLE_USER_SCRIPT_SANDBOXING = YES;
				GCC_C_LANGUAGE_STANDARD = gnu17;
				GCC_DYNAMIC_NO_PIC = NO;
				GCC_NO_COMMON_BLOCKS = YES;
				GCC_OPTIMIZATION_LEVEL = 0;
				GCC_PREPROCESSOR_DEFINITIONS = (
					"DEBUG=1",
					"$(inherited)",
				);
				GCC_WARN_64_TO_32_BIT_CONVERSION = YES;
				GCC_WARN_ABOUT_RETURN_TYPE = YES_ERROR;
				GCC_WARN_UNDECLARED_SELECTOR = YES;
				GCC_WARN_UNINITIALIZED_AUTOS = YES_AGGRESSIVE;
				GCC_WARN_UNUSED_FUNCTION = YES;
				GCC_WARN_UNUSED_VARIABLE = YES;
				IPHONEOS_DEPLOYMENT_TARGET = 17.4;
				LOCALIZATION_PREFERS_STRING_CATALOGS = YES;
				MTL_ENABLE_DEBUG_INFO = INCLUDE_SOURCE;
				MTL_FAST_MATH = YES;
				ONLY_ACTIVE_ARCH = YES;
				SDKROOT = iphoneos;
				SWIFT_ACTIVE_COMPILATION_CONDITIONS = "DEBUG $(inherited)";
				SWIFT_OPTIMIZATION_LEVEL = "-Onone";
			};
			name = Debug;
		};
		3EE2A61A2BBF99FA00DC40F3 /* Release */ = {
			isa = XCBuildConfiguration;
			buildSettings = {
				ALWAYS_SEARCH_USER_PATHS = NO;
				ASSETCATALOG_COMPILER_GENERATE_SWIFT_ASSET_SYMBOL_EXTENSIONS = YES;
				CLANG_ANALYZER_NONNULL = YES;
				CLANG_ANALYZER_NUMBER_OBJECT_CONVERSION = YES_AGGRESSIVE;
				CLANG_CXX_LANGUAGE_STANDARD = "gnu++20";
				CLANG_ENABLE_MODULES = YES;
				CLANG_ENABLE_OBJC_ARC = YES;
				CLANG_ENABLE_OBJC_WEAK = YES;
				CLANG_WARN_BLOCK_CAPTURE_AUTORELEASING = YES;
				CLANG_WARN_BOOL_CONVERSION = YES;
				CLANG_WARN_COMMA = YES;
				CLANG_WARN_CONSTANT_CONVERSION = YES;
				CLANG_WARN_DEPRECATED_OBJC_IMPLEMENTATIONS = YES;
				CLANG_WARN_DIRECT_OBJC_ISA_USAGE = YES_ERROR;
				CLANG_WARN_DOCUMENTATION_COMMENTS = YES;
				CLANG_WARN_EMPTY_BODY = YES;
				CLANG_WARN_ENUM_CONVERSION = YES;
				CLANG_WARN_INFINITE_RECURSION = YES;
				CLANG_WARN_INT_CONVERSION = YES;
				CLANG_WARN_NON_LITERAL_NULL_CONVERSION = YES;
				CLANG_WARN_OBJC_IMPLICIT_RETAIN_SELF = YES;
				CLANG_WARN_OBJC_LITERAL_CONVERSION = YES;
				CLANG_WARN_OBJC_ROOT_CLASS = YES_ERROR;
				CLANG_WARN_QUOTED_INCLUDE_IN_FRAMEWORK_HEADER = YES;
				CLANG_WARN_RANGE_LOOP_ANALYSIS = YES;
				CLANG_WARN_STRICT_PROTOTYPES = YES;
				CLANG_WARN_SUSPICIOUS_MOVE = YES;
				CLANG_WARN_UNGUARDED_AVAILABILITY = YES_AGGRESSIVE;
				CLANG_WARN_UNREACHABLE_CODE = YES;
				CLANG_WARN__DUPLICATE_METHOD_MATCH = YES;
				COPY_PHASE_STRIP = NO;
				DEBUG_INFORMATION_FORMAT = "dwarf-with-dsym";
				ENABLE_NS_ASSERTIONS = NO;
				ENABLE_STRICT_OBJC_MSGSEND = YES;
				ENABLE_USER_SCRIPT_SANDBOXING = YES;
				GCC_C_LANGUAGE_STANDARD = gnu17;
				GCC_NO_COMMON_BLOCKS = YES;
				GCC_WARN_64_TO_32_BIT_CONVERSION = YES;
				GCC_WARN_ABOUT_RETURN_TYPE = YES_ERROR;
				GCC_WARN_UNDECLARED_SELECTOR = YES;
				GCC_WARN_UNINITIALIZED_AUTOS = YES_AGGRESSIVE;
				GCC_WARN_UNUSED_FUNCTION = YES;
				GCC_WARN_UNUSED_VARIABLE = YES;
				IPHONEOS_DEPLOYMENT_TARGET = 17.4;
				LOCALIZATION_PREFERS_STRING_CATALOGS = YES;
				MTL_ENABLE_DEBUG_INFO = NO;
				MTL_FAST_MATH = YES;
				SDKROOT = iphoneos;
				SWIFT_COMPILATION_MODE = wholemodule;
				VALIDATE_PRODUCT = YES;
			};
			name = Release;
		};
		3EE2A61C2BBF99FA00DC40F3 /* Debug */ = {
			isa = XCBuildConfiguration;
			buildSettings = {
				ASSETCATALOG_COMPILER_APPICON_NAME = AppIcon;
				ASSETCATALOG_COMPILER_GLOBAL_ACCENT_COLOR_NAME = AccentColor;
				CODE_SIGN_STYLE = Automatic;
				CURRENT_PROJECT_VERSION = 1;
				DEVELOPMENT_ASSET_PATHS = "\"LearnTheBasic/Preview Content\"";
				ENABLE_PREVIEWS = YES;
				GENERATE_INFOPLIST_FILE = YES;
				INFOPLIST_KEY_UIApplicationSceneManifest_Generation = YES;
				INFOPLIST_KEY_UIApplicationSupportsIndirectInputEvents = YES;
				INFOPLIST_KEY_UILaunchScreen_Generation = YES;
				INFOPLIST_KEY_UISupportedInterfaceOrientations_iPad = "UIInterfaceOrientationPortrait UIInterfaceOrientationPortraitUpsideDown UIInterfaceOrientationLandscapeLeft UIInterfaceOrientationLandscapeRight";
				INFOPLIST_KEY_UISupportedInterfaceOrientations_iPhone = "UIInterfaceOrientationPortrait UIInterfaceOrientationLandscapeLeft UIInterfaceOrientationLandscapeRight";
				LD_RUNPATH_SEARCH_PATHS = (
					"$(inherited)",
					"@executable_path/Frameworks",
				);
				MARKETING_VERSION = 1.0;
				PRODUCT_BUNDLE_IDENTIFIER = com.bcas.LearnTheBasic;
				PRODUCT_NAME = "$(TARGET_NAME)";
				SWIFT_EMIT_LOC_STRINGS = YES;
				SWIFT_VERSION = 5.0;
				TARGETED_DEVICE_FAMILY = "1,2";
			};
			name = Debug;
		};
		3EE2A61D2BBF99FA00DC40F3 /* Release */ = {
			isa = XCBuildConfiguration;
			buildSettings = {
				ASSETCATALOG_COMPILER_APPICON_NAME = AppIcon;
				ASSETCATALOG_COMPILER_GLOBAL_ACCENT_COLOR_NAME = AccentColor;
				CODE_SIGN_STYLE = Automatic;
				CURRENT_PROJECT_VERSION = 1;
				DEVELOPMENT_ASSET_PATHS = "\"LearnTheBasic/Preview Content\"";
				ENABLE_PREVIEWS = YES;
				GENERATE_INFOPLIST_FILE = YES;
				INFOPLIST_KEY_UIApplicationSceneManifest_Generation = YES;
				INFOPLIST_KEY_UIApplicationSupportsIndirectInputEvents = YES;
				INFOPLIST_KEY_UILaunchScreen_Generation = YES;
				INFOPLIST_KEY_UISupportedInterfaceOrientations_iPad = "UIInterfaceOrientationPortrait UIInterfaceOrientationPortraitUpsideDown UIInterfaceOrientationLandscapeLeft UIInterfaceOrientationLandscapeRight";
				INFOPLIST_KEY_UISupportedInterfaceOrientations_iPhone = "UIInterfaceOrientationPortrait UIInterfaceOrientationLandscapeLeft UIInterfaceOrientationLandscapeRight";
				LD_RUNPATH_SEARCH_PATHS = (
					"$(inherited)",
					"@executable_path/Frameworks",
				);
				MARKETING_VERSION = 1.0;
				PRODUCT_BUNDLE_IDENTIFIER = com.bcas.LearnTheBasic;
				PRODUCT_NAME = "$(TARGET_NAME)";
				SWIFT_EMIT_LOC_STRINGS = YES;
				SWIFT_VERSION = 5.0;
				TARGETED_DEVICE_FAMILY = "1,2";
			};
			name = Release;
		};
/* End XCBuildConfiguration section */

/* Begin XCConfigurationList section */
		3EE2A6082BBF99F800DC40F3 /* Build configuration list for PBXProject "LearnTheBasic" */ = {
			isa = XCConfigurationList;
			buildConfigurations = (
				3EE2A6192BBF99FA00DC40F3 /* Debug */,
				3EE2A61A2BBF99FA00DC40F3 /* Release */,
			);
			defaultConfigurationIsVisible = 0;
			defaultConfigurationName = Release;
		};
		3EE2A61B2BBF99FA00DC40F3 /* Build configuration list for PBXNativeTarget "LearnTheBasic" */ = {
			isa = XCConfigurationList;
			buildConfigurations = (
				3EE2A61C2BBF99FA00DC40F3 /* Debug */,
				3EE2A61D2BBF99FA00DC40F3 /* Release */,
			);
			defaultConfigurationIsVisible = 0;
			defaultConfigurationName = Release;
		};
/* End XCConfigurationList section */
	};
	rootObject = 3EE2A6052BBF99F800DC40F3 /* Project object */;
}
